
Microsoft Visual Studio Solution File, Format Version 12.00
# Visual Studio 15
VisualStudioVersion = 15.0.27004.2006
MinimumVisualStudioVersion = 10.0.40219.1
Project("{FAE04EC0-301F-11D3-BF4B-00C04F79EFBC}") = "wpf-sample", "wpf-sample\wpf-sample.csproj", "{54F9E023-35A1-4083-BB92-B200C045792C}"
EndProject
Project("{FAE04EC0-301F-11D3-BF4B-00C04F79EFBC}") = "chapter1lesson1", "chapter1lesson1\chapter1lesson1.csproj", "{04843BBD-858A-48C1-BD1B-70C3B5D035CE}"
EndProject
Project("{FAE04EC0-301F-11D3-BF4B-00C04F79EFBC}") = "chapter1lesson2", "chapter1lesson2\chapter1lesson2.csproj", "{B8D18219-807E-45F2-8557-04A20440AE8D}"
EndProject
Project("{FAE04EC0-301F-11D3-BF4B-00C04F79EFBC}") = "chapter1lesson3", "chapter1lesson3\chapter1lesson3.csproj", "{A0E40596-B6C6-44AE-BBF7-450F4832379F}"
EndProject
Project("{FAE04EC0-301F-11D3-BF4B-00C04F79EFBC}") = "chapter2lesson2", "chapter2lesson2\chapter2lesson2.csproj", "{0FB95AE9-2228-48E4-AA91-93E3FDA2B549}"
EndProject
Project("{FAE04EC0-301F-11D3-BF4B-00C04F79EFBC}") = "chapter2lesson3", "chapter2lesson3\chapter2lesson3.csproj", "{C8EE4BBF-A0DE-46D5-BBD4-602B593E5813}"
EndProject
Project("{FAE04EC0-301F-11D3-BF4B-00C04F79EFBC}") = "chapter3lesson1", "chapter3lesson1\chapter3lesson1.csproj", "{150305B0-15F8-44DC-A4DD-16DE7A026B71}"
EndProject
Project("{FAE04EC0-301F-11D3-BF4B-00C04F79EFBC}") = "chapter3lesson2", "chapter3lesson2\chapter3lesson2.csproj", "{CDF9DB91-8056-40D0-AD08-6DA8841DE452}"
EndProject
Project("{FAE04EC0-301F-11D3-BF4B-00C04F79EFBC}") = "chapter4lesson1", "chapter4lesson1\chapter4lesson1.csproj", "{BF6EC649-2EB6-4BBA-9B1E-A8941F183A15}"
EndProject
Project("{FAE04EC0-301F-11D3-BF4B-00C04F79EFBC}") = "chapter4lesson2", "chapter4lesson2\chapter4lesson2.csproj", "{CD37A5FF-79B8-47FD-97BD-F3A2F97960EE}"
EndProject
Project("{FAE04EC0-301F-11D3-BF4B-00C04F79EFBC}") = "chapter4lesson3", "chapter4lesson3\chapter4lesson3.csproj", "{941EAB6C-E573-42EA-BA55-4A144F6B73A6}"
EndProject
Project("{FAE04EC0-301F-11D3-BF4B-00C04F79EFBC}") = "chapter4lesson4", "chapter4lesson4\chapter4lesson4.csproj", "{D149B15B-46EF-4400-87AE-2A4C443AEB83}"
EndProject
Project("{FAE04EC0-301F-11D3-BF4B-00C04F79EFBC}") = "chapter5lesson1", "chapter5lesson1\chapter5lesson1.csproj", "{4B863D02-73D6-4168-AE55-472E7C0F7357}"
EndProject
Global
	GlobalSection(SolutionConfigurationPlatforms) = preSolution
		Debug|Any CPU = Debug|Any CPU
		Release|Any CPU = Release|Any CPU
	EndGlobalSection
	GlobalSection(ProjectConfigurationPlatforms) = postSolution
		{54F9E023-35A1-4083-BB92-B200C045792C}.Debug|Any CPU.ActiveCfg = Debug|Any CPU
		{54F9E023-35A1-4083-BB92-B200C045792C}.Debug|Any CPU.Build.0 = Debug|Any CPU
		{54F9E023-35A1-4083-BB92-B200C045792C}.Release|Any CPU.ActiveCfg = Release|Any CPU
		{54F9E023-35A1-4083-BB92-B200C045792C}.Release|Any CPU.Build.0 = Release|Any CPU
		{04843BBD-858A-48C1-BD1B-70C3B5D035CE}.Debug|Any CPU.ActiveCfg = Debug|Any CPU
		{04843BBD-858A-48C1-BD1B-70C3B5D035CE}.Debug|Any CPU.Build.0 = Debug|Any CPU
		{04843BBD-858A-48C1-BD1B-70C3B5D035CE}.Release|Any CPU.ActiveCfg = Release|Any CPU
		{04843BBD-858A-48C1-BD1B-70C3B5D035CE}.Release|Any CPU.Build.0 = Release|Any CPU
		{B8D18219-807E-45F2-8557-04A20440AE8D}.Debug|Any CPU.ActiveCfg = Debug|Any CPU
		{B8D18219-807E-45F2-8557-04A20440AE8D}.Debug|Any CPU.Build.0 = Debug|Any CPU
		{B8D18219-807E-45F2-8557-04A20440AE8D}.Release|Any CPU.ActiveCfg = Release|Any CPU
		{B8D18219-807E-45F2-8557-04A20440AE8D}.Release|Any CPU.Build.0 = Release|Any CPU
		{A0E40596-B6C6-44AE-BBF7-450F4832379F}.Debug|Any CPU.ActiveCfg = Debug|Any CPU
		{A0E40596-B6C6-44AE-BBF7-450F4832379F}.Debug|Any CPU.Build.0 = Debug|Any CPU
		{A0E40596-B6C6-44AE-BBF7-450F4832379F}.Release|Any CPU.ActiveCfg = Release|Any CPU
		{A0E40596-B6C6-44AE-BBF7-450F4832379F}.Release|Any CPU.Build.0 = Release|Any CPU
		{0FB95AE9-2228-48E4-AA91-93E3FDA2B549}.Debug|Any CPU.ActiveCfg = Debug|Any CPU
		{0FB95AE9-2228-48E4-AA91-93E3FDA2B549}.Debug|Any CPU.Build.0 = Debug|Any CPU
		{0FB95AE9-2228-48E4-AA91-93E3FDA2B549}.Release|Any CPU.ActiveCfg = Release|Any CPU
		{0FB95AE9-2228-48E4-AA91-93E3FDA2B549}.Release|Any CPU.Build.0 = Release|Any CPU
		{C8EE4BBF-A0DE-46D5-BBD4-602B593E5813}.Debug|Any CPU.ActiveCfg = Debug|Any CPU
		{C8EE4BBF-A0DE-46D5-BBD4-602B593E5813}.Debug|Any CPU.Build.0 = Debug|Any CPU
		{C8EE4BBF-A0DE-46D5-BBD4-602B593E5813}.Release|Any CPU.ActiveCfg = Release|Any CPU
		{C8EE4BBF-A0DE-46D5-BBD4-602B593E5813}.Release|Any CPU.Build.0 = Release|Any CPU
		{150305B0-15F8-44DC-A4DD-16DE7A026B71}.Debug|Any CPU.ActiveCfg = Debug|Any CPU
		{150305B0-15F8-44DC-A4DD-16DE7A026B71}.Debug|Any CPU.Build.0 = Debug|Any CPU
		{150305B0-15F8-44DC-A4DD-16DE7A026B71}.Release|Any CPU.ActiveCfg = Release|Any CPU
		{150305B0-15F8-44DC-A4DD-16DE7A026B71}.Release|Any CPU.Build.0 = Release|Any CPU
		{CDF9DB91-8056-40D0-AD08-6DA8841DE452}.Debug|Any CPU.ActiveCfg = Debug|Any CPU
		{CDF9DB91-8056-40D0-AD08-6DA8841DE452}.Debug|Any CPU.Build.0 = Debug|Any CPU
		{CDF9DB91-8056-40D0-AD08-6DA8841DE452}.Release|Any CPU.ActiveCfg = Release|Any CPU
		{CDF9DB91-8056-40D0-AD08-6DA8841DE452}.Release|Any CPU.Build.0 = Release|Any CPU
		{BF6EC649-2EB6-4BBA-9B1E-A8941F183A15}.Debug|Any CPU.ActiveCfg = Debug|Any CPU
		{BF6EC649-2EB6-4BBA-9B1E-A8941F183A15}.Debug|Any CPU.Build.0 = Debug|Any CPU
		{BF6EC649-2EB6-4BBA-9B1E-A8941F183A15}.Release|Any CPU.ActiveCfg = Release|Any CPU
		{BF6EC649-2EB6-4BBA-9B1E-A8941F183A15}.Release|Any CPU.Build.0 = Release|Any CPU
		{CD37A5FF-79B8-47FD-97BD-F3A2F97960EE}.Debug|Any CPU.ActiveCfg = Debug|Any CPU
		{CD37A5FF-79B8-47FD-97BD-F3A2F97960EE}.Debug|Any CPU.Build.0 = Debug|Any CPU
		{CD37A5FF-79B8-47FD-97BD-F3A2F97960EE}.Release|Any CPU.ActiveCfg = Release|Any CPU
		{CD37A5FF-79B8-47FD-97BD-F3A2F97960EE}.Release|Any CPU.Build.0 = Release|Any CPU
		{941EAB6C-E573-42EA-BA55-4A144F6B73A6}.Debug|Any CPU.ActiveCfg = Debug|Any CPU
		{941EAB6C-E573-42EA-BA55-4A144F6B73A6}.Debug|Any CPU.Build.0 = Debug|Any CPU
		{941EAB6C-E573-42EA-BA55-4A144F6B73A6}.Release|Any CPU.ActiveCfg = Release|Any CPU
		{941EAB6C-E573-42EA-BA55-4A144F6B73A6}.Release|Any CPU.Build.0 = Release|Any CPU
		{D149B15B-46EF-4400-87AE-2A4C443AEB83}.Debug|Any CPU.ActiveCfg = Debug|Any CPU
		{D149B15B-46EF-4400-87AE-2A4C443AEB83}.Debug|Any CPU.Build.0 = Debug|Any CPU
		{D149B15B-46EF-4400-87AE-2A4C443AEB83}.Release|Any CPU.ActiveCfg = Release|Any CPU
		{D149B15B-46EF-4400-87AE-2A4C443AEB83}.Release|Any CPU.Build.0 = Release|Any CPU
		{4B863D02-73D6-4168-AE55-472E7C0F7357}.Debug|Any CPU.ActiveCfg = Debug|Any CPU
		{4B863D02-73D6-4168-AE55-472E7C0F7357}.Debug|Any CPU.Build.0 = Debug|Any CPU
		{4B863D02-73D6-4168-AE55-472E7C0F7357}.Release|Any CPU.ActiveCfg = Release|Any CPU
		{4B863D02-73D6-4168-AE55-472E7C0F7357}.Release|Any CPU.Build.0 = Release|Any CPU
	EndGlobalSection
	GlobalSection(SolutionProperties) = preSolution
		HideSolutionNode = FALSE
	EndGlobalSection
	GlobalSection(ExtensibilityGlobals) = postSolution
		SolutionGuid = {B741C615-BA7C-4098-9244-EA991E1761B5}
	EndGlobalSection
EndGlobal
